
Microsoft Visual Studio Solution File, Format Version 12.00
# Visual Studio Version 16
VisualStudioVersion = 16.0.31624.102
MinimumVisualStudioVersion = 10.0.40219.1
Project("{9A19103F-16F7-4668-BE54-9A1E7A4F7556}") = "CampIntro", "CampIntro\CampIntro.csproj", "{AC440922-A614-4363-97F1-358CBBC76302}"
EndProject
Project("{9A19103F-16F7-4668-BE54-9A1E7A4F7556}") = "ClassIntro", "ClassIntro\ClassIntro.csproj", "{2433EB59-8D2B-46EF-B732-F31C19DB19A3}"
EndProject
Project("{9A19103F-16F7-4668-BE54-9A1E7A4F7556}") = "Loops", "Loops\Loops.csproj", "{5DDAFC21-02DE-4B48-A067-4CA95241D5C0}"
EndProject
Project("{9A19103F-16F7-4668-BE54-9A1E7A4F7556}") = "Mathematics", "Mathematics\Mathematics.csproj", "{02ECD00D-3919-4E6D-850A-088F2554D0A8}"
EndProject
Project("{9A19103F-16F7-4668-BE54-9A1E7A4F7556}") = "Methods", "Methods\Methods.csproj", "{C3214CF3-7DB7-4131-8348-400E05A3DEEE}"
EndProject
Project("{9A19103F-16F7-4668-BE54-9A1E7A4F7556}") = "ValueAndReferenceTypes", "ValueAndReferenceTypes\ValueAndReferenceTypes.csproj", "{1AFDFE70-8378-491A-808A-756919BC07CD}"
EndProject
Project("{9A19103F-16F7-4668-BE54-9A1E7A4F7556}") = "OOP1", "OOP1\OOP1.csproj", "{8A36FE78-CC0C-4C28-BDF8-B0CA9493F22B}"
EndProject
Project("{9A19103F-16F7-4668-BE54-9A1E7A4F7556}") = "Collections", "Collections\Collections.csproj", "{EC8C92F6-A2DA-4379-876A-901ADC108E7A}"
EndProject
Project("{9A19103F-16F7-4668-BE54-9A1E7A4F7556}") = "GenericsIntro", "GenericsIntro\GenericsIntro.csproj", "{109B94B6-F5BE-4261-A299-EDF2703EF6FF}"
EndProject
Project("{9A19103F-16F7-4668-BE54-9A1E7A4F7556}") = "OOP2", "OOP2\OOP2.csproj", "{95A0C854-2675-43F2-A45F-984A98C9C843}"
EndProject
Project("{9A19103F-16F7-4668-BE54-9A1E7A4F7556}") = "OOP3", "OOP3\OOP3.csproj", "{E6CFEACA-6B77-488A-8522-4DF0B5B7B2D0}"
EndProject
Project("{FAE04EC0-301F-11D3-BF4B-00C04F79EFBC}") = "GameProjectDemo", "GameProjectDemo\GameProjectDemo.csproj", "{1C04FF26-D6A1-4DF3-9361-BCABB9A91E76}"
EndProject
Global
	GlobalSection(SolutionConfigurationPlatforms) = preSolution
		Debug|Any CPU = Debug|Any CPU
		Release|Any CPU = Release|Any CPU
	EndGlobalSection
	GlobalSection(ProjectConfigurationPlatforms) = postSolution
		{AC440922-A614-4363-97F1-358CBBC76302}.Debug|Any CPU.ActiveCfg = Debug|Any CPU
		{AC440922-A614-4363-97F1-358CBBC76302}.Debug|Any CPU.Build.0 = Debug|Any CPU
		{AC440922-A614-4363-97F1-358CBBC76302}.Release|Any CPU.ActiveCfg = Release|Any CPU
		{AC440922-A614-4363-97F1-358CBBC76302}.Release|Any CPU.Build.0 = Release|Any CPU
		{2433EB59-8D2B-46EF-B732-F31C19DB19A3}.Debug|Any CPU.ActiveCfg = Debug|Any CPU
		{2433EB59-8D2B-46EF-B732-F31C19DB19A3}.Debug|Any CPU.Build.0 = Debug|Any CPU
		{2433EB59-8D2B-46EF-B732-F31C19DB19A3}.Release|Any CPU.ActiveCfg = Release|Any CPU
		{2433EB59-8D2B-46EF-B732-F31C19DB19A3}.Release|Any CPU.Build.0 = Release|Any CPU
		{5DDAFC21-02DE-4B48-A067-4CA95241D5C0}.Debug|Any CPU.ActiveCfg = Debug|Any CPU
		{5DDAFC21-02DE-4B48-A067-4CA95241D5C0}.Debug|Any CPU.Build.0 = Debug|Any CPU
		{5DDAFC21-02DE-4B48-A067-4CA95241D5C0}.Release|Any CPU.ActiveCfg = Release|Any CPU
		{5DDAFC21-02DE-4B48-A067-4CA95241D5C0}.Release|Any CPU.Build.0 = Release|Any CPU
		{02ECD00D-3919-4E6D-850A-088F2554D0A8}.Debug|Any CPU.ActiveCfg = Debug|Any CPU
		{02ECD00D-3919-4E6D-850A-088F2554D0A8}.Debug|Any CPU.Build.0 = Debug|Any CPU
		{02ECD00D-3919-4E6D-850A-088F2554D0A8}.Release|Any CPU.ActiveCfg = Release|Any CPU
		{02ECD00D-3919-4E6D-850A-088F2554D0A8}.Release|Any CPU.Build.0 = Release|Any CPU
		{C3214CF3-7DB7-4131-8348-400E05A3DEEE}.Debug|Any CPU.ActiveCfg = Debug|Any CPU
		{C3214CF3-7DB7-4131-8348-400E05A3DEEE}.Debug|Any CPU.Build.0 = Debug|Any CPU
		{C3214CF3-7DB7-4131-8348-400E05A3DEEE}.Release|Any CPU.ActiveCfg = Release|Any CPU
		{C3214CF3-7DB7-4131-8348-400E05A3DEEE}.Release|Any CPU.Build.0 = Release|Any CPU
		{1AFDFE70-8378-491A-808A-756919BC07CD}.Debug|Any CPU.ActiveCfg = Debug|Any CPU
		{1AFDFE70-8378-491A-808A-756919BC07CD}.Debug|Any CPU.Build.0 = Debug|Any CPU
		{1AFDFE70-8378-491A-808A-756919BC07CD}.Release|Any CPU.ActiveCfg = Release|Any CPU
		{1AFDFE70-8378-491A-808A-756919BC07CD}.Release|Any CPU.Build.0 = Release|Any CPU
		{8A36FE78-CC0C-4C28-BDF8-B0CA9493F22B}.Debug|Any CPU.ActiveCfg = Debug|Any CPU
		{8A36FE78-CC0C-4C28-BDF8-B0CA9493F22B}.Debug|Any CPU.Build.0 = Debug|Any CPU
		{8A36FE78-CC0C-4C28-BDF8-B0CA9493F22B}.Release|Any CPU.ActiveCfg = Release|Any CPU
		{8A36FE78-CC0C-4C28-BDF8-B0CA9493F22B}.Release|Any CPU.Build.0 = Release|Any CPU
		{EC8C92F6-A2DA-4379-876A-901ADC108E7A}.Debug|Any CPU.ActiveCfg = Debug|Any CPU
		{EC8C92F6-A2DA-4379-876A-901ADC108E7A}.Debug|Any CPU.Build.0 = Debug|Any CPU
		{EC8C92F6-A2DA-4379-876A-901ADC108E7A}.Release|Any CPU.ActiveCfg = Release|Any CPU
		{EC8C92F6-A2DA-4379-876A-901ADC108E7A}.Release|Any CPU.Build.0 = Release|Any CPU
		{109B94B6-F5BE-4261-A299-EDF2703EF6FF}.Debug|Any CPU.ActiveCfg = Debug|Any CPU
		{109B94B6-F5BE-4261-A299-EDF2703EF6FF}.Debug|Any CPU.Build.0 = Debug|Any CPU
		{109B94B6-F5BE-4261-A299-EDF2703EF6FF}.Release|Any CPU.ActiveCfg = Release|Any CPU
		{109B94B6-F5BE-4261-A299-EDF2703EF6FF}.Release|Any CPU.Build.0 = Release|Any CPU
		{95A0C854-2675-43F2-A45F-984A98C9C843}.Debug|Any CPU.ActiveCfg = Debug|Any CPU
		{95A0C854-2675-43F2-A45F-984A98C9C843}.Debug|Any CPU.Build.0 = Debug|Any CPU
		{95A0C854-2675-43F2-A45F-984A98C9C843}.Release|Any CPU.ActiveCfg = Release|Any CPU
		{95A0C854-2675-43F2-A45F-984A98C9C843}.Release|Any CPU.Build.0 = Release|Any CPU
		{E6CFEACA-6B77-488A-8522-4DF0B5B7B2D0}.Debug|Any CPU.ActiveCfg = Debug|Any CPU
		{E6CFEACA-6B77-488A-8522-4DF0B5B7B2D0}.Debug|Any CPU.Build.0 = Debug|Any CPU
		{E6CFEACA-6B77-488A-8522-4DF0B5B7B2D0}.Release|Any CPU.ActiveCfg = Release|Any CPU
		{E6CFEACA-6B77-488A-8522-4DF0B5B7B2D0}.Release|Any CPU.Build.0 = Release|Any CPU
		{1C04FF26-D6A1-4DF3-9361-BCABB9A91E76}.Debug|Any CPU.ActiveCfg = Debug|Any CPU
		{1C04FF26-D6A1-4DF3-9361-BCABB9A91E76}.Debug|Any CPU.Build.0 = Debug|Any CPU
		{1C04FF26-D6A1-4DF3-9361-BCABB9A91E76}.Release|Any CPU.ActiveCfg = Release|Any CPU
		{1C04FF26-D6A1-4DF3-9361-BCABB9A91E76}.Release|Any CPU.Build.0 = Release|Any CPU
	EndGlobalSection
	GlobalSection(SolutionProperties) = preSolution
		HideSolutionNode = FALSE
	EndGlobalSection
	GlobalSection(ExtensibilityGlobals) = postSolution
		SolutionGuid = {EF3471F7-3F27-41BB-8CFE-D92F12ADB0FB}
	EndGlobalSection
EndGlobal
